
Microsoft Visual Studio Solution File, Format Version 12.00
# Visual Studio Version 17
VisualStudioVersion = 17.0.31903.59
MinimumVisualStudioVersion = 10.0.40219.1
Project("{2150E333-8FDC-42A3-9474-1A3956D46DE8}") = "src", "src", "{35B346AB-5A73-4444-A718-A452AA054973}"
EndProject
Project("{2150E333-8FDC-42A3-9474-1A3956D46DE8}") = "Test", "Test", "{72389C2D-FD99-4CF3-91B3-DCDEC0B77E53}"
EndProject
Project("{E53339B2-1760-4266-BCC7-CA923CBCF16C}") = "docker-compose", "docker-compose.dcproj", "{35ADC2B5-7415-46ED-A2B0-0277CE98D9C5}"
EndProject
Project("{2150E333-8FDC-42A3-9474-1A3956D46DE8}") = "Report", "Report", "{0EDD34F3-1F38-48DE-B8EA-7035195B2620}"
EndProject
Project("{2150E333-8FDC-42A3-9474-1A3956D46DE8}") = "Common", "Common", "{B48F7337-10F3-463C-BB37-39C71F701040}"
EndProject
Project("{2150E333-8FDC-42A3-9474-1A3956D46DE8}") = "App", "App", "{522849DD-F0AC-4648-84C5-83E33A785213}"
EndProject
Project("{9A19103F-16F7-4668-BE54-9A1E7A4F7556}") = "Api", "src\App\Api\Api.csproj", "{6048E2E6-841E-4505-8AE6-774F63D7D823}"
EndProject
Project("{9A19103F-16F7-4668-BE54-9A1E7A4F7556}") = "Application", "src\App\Application\Application.csproj", "{3DFD9423-66C0-4F27-AE37-C26080AC2892}"
EndProject
Project("{9A19103F-16F7-4668-BE54-9A1E7A4F7556}") = "Domain", "src\App\Domain\Domain.csproj", "{6CCD97EF-9F8B-4EF2-8065-062C41C111BF}"
EndProject
Project("{9A19103F-16F7-4668-BE54-9A1E7A4F7556}") = "Infrastructure", "src\App\Infrastructure\Infrastructure.csproj", "{593A0046-7462-46D3-9BA6-A73066E64939}"
EndProject
Project("{9A19103F-16F7-4668-BE54-9A1E7A4F7556}") = "Persistence", "src\App\Persistence\Persistence.csproj", "{15071224-3145-434A-AF17-FABD053D68D0}"
EndProject
Project("{9A19103F-16F7-4668-BE54-9A1E7A4F7556}") = "Presentation", "src\App\Presentation\Presentation.csproj", "{E3AE4A59-C9F2-4E1E-999C-8902ACDDC7DD}"
EndProject
Project("{9A19103F-16F7-4668-BE54-9A1E7A4F7556}") = "Application", "src\Report\Application\Application.csproj", "{83046B80-D821-49C5-A458-7075892B2957}"
EndProject
Project("{9A19103F-16F7-4668-BE54-9A1E7A4F7556}") = "Domain", "src\Report\Domain\Domain.csproj", "{67E1E869-6988-45A0-96E8-29CD37DF3CEE}"
EndProject
Project("{9A19103F-16F7-4668-BE54-9A1E7A4F7556}") = "Infrastructure", "src\Report\Infrastructure\Infrastructure.csproj", "{A9A7FDFC-A7C0-4EA0-A50C-095586DBE433}"
EndProject
Project("{9A19103F-16F7-4668-BE54-9A1E7A4F7556}") = "Persistence", "src\Report\Persistence\Persistence.csproj", "{24B5F6D8-6BEE-485D-A537-D12E2529ACEE}"
EndProject
Project("{9A19103F-16F7-4668-BE54-9A1E7A4F7556}") = "Presentation", "src\Report\Presentation\Presentation.csproj", "{CC917823-F074-40F1-8790-8FF3545A786F}"
EndProject
Project("{9A19103F-16F7-4668-BE54-9A1E7A4F7556}") = "Report.Api", "src\Report\Report.Api\Report.Api.csproj", "{71B0722A-6AB2-4912-AAB3-3BC23B880014}"
EndProject
Project("{2150E333-8FDC-42A3-9474-1A3956D46DE8}") = "App", "App", "{C52BFF8C-7C8F-4E87-BE6A-C884AD89AE99}"
EndProject
Project("{9A19103F-16F7-4668-BE54-9A1E7A4F7556}") = "App", "Test\App\App\App.csproj", "{A392987D-4D87-473A-9527-AE8A8442A109}"
EndProject
Project("{FAE04EC0-301F-11D3-BF4B-00C04F79EFBC}") = "Contracts", "src\Common\Contracts\Contracts.csproj", "{0058F575-93AC-4C65-8553-BF8A8F2CE6A8}"
EndProject
Global
	GlobalSection(SolutionConfigurationPlatforms) = preSolution
		Debug|Any CPU = Debug|Any CPU
		Release|Any CPU = Release|Any CPU
	EndGlobalSection
	GlobalSection(ProjectConfigurationPlatforms) = postSolution
		{35ADC2B5-7415-46ED-A2B0-0277CE98D9C5}.Debug|Any CPU.ActiveCfg = Debug|Any CPU
		{35ADC2B5-7415-46ED-A2B0-0277CE98D9C5}.Debug|Any CPU.Build.0 = Debug|Any CPU
		{35ADC2B5-7415-46ED-A2B0-0277CE98D9C5}.Release|Any CPU.ActiveCfg = Release|Any CPU
		{35ADC2B5-7415-46ED-A2B0-0277CE98D9C5}.Release|Any CPU.Build.0 = Release|Any CPU
		{6048E2E6-841E-4505-8AE6-774F63D7D823}.Debug|Any CPU.ActiveCfg = Debug|Any CPU
		{6048E2E6-841E-4505-8AE6-774F63D7D823}.Debug|Any CPU.Build.0 = Debug|Any CPU
		{6048E2E6-841E-4505-8AE6-774F63D7D823}.Release|Any CPU.ActiveCfg = Release|Any CPU
		{6048E2E6-841E-4505-8AE6-774F63D7D823}.Release|Any CPU.Build.0 = Release|Any CPU
		{3DFD9423-66C0-4F27-AE37-C26080AC2892}.Debug|Any CPU.ActiveCfg = Debug|Any CPU
		{3DFD9423-66C0-4F27-AE37-C26080AC2892}.Debug|Any CPU.Build.0 = Debug|Any CPU
		{3DFD9423-66C0-4F27-AE37-C26080AC2892}.Release|Any CPU.ActiveCfg = Release|Any CPU
		{3DFD9423-66C0-4F27-AE37-C26080AC2892}.Release|Any CPU.Build.0 = Release|Any CPU
		{6CCD97EF-9F8B-4EF2-8065-062C41C111BF}.Debug|Any CPU.ActiveCfg = Debug|Any CPU
		{6CCD97EF-9F8B-4EF2-8065-062C41C111BF}.Debug|Any CPU.Build.0 = Debug|Any CPU
		{6CCD97EF-9F8B-4EF2-8065-062C41C111BF}.Release|Any CPU.ActiveCfg = Release|Any CPU
		{6CCD97EF-9F8B-4EF2-8065-062C41C111BF}.Release|Any CPU.Build.0 = Release|Any CPU
		{593A0046-7462-46D3-9BA6-A73066E64939}.Debug|Any CPU.ActiveCfg = Debug|Any CPU
		{593A0046-7462-46D3-9BA6-A73066E64939}.Debug|Any CPU.Build.0 = Debug|Any CPU
		{593A0046-7462-46D3-9BA6-A73066E64939}.Release|Any CPU.ActiveCfg = Release|Any CPU
		{593A0046-7462-46D3-9BA6-A73066E64939}.Release|Any CPU.Build.0 = Release|Any CPU
		{15071224-3145-434A-AF17-FABD053D68D0}.Debug|Any CPU.ActiveCfg = Debug|Any CPU
		{15071224-3145-434A-AF17-FABD053D68D0}.Debug|Any CPU.Build.0 = Debug|Any CPU
		{15071224-3145-434A-AF17-FABD053D68D0}.Release|Any CPU.ActiveCfg = Release|Any CPU
		{15071224-3145-434A-AF17-FABD053D68D0}.Release|Any CPU.Build.0 = Release|Any CPU
		{E3AE4A59-C9F2-4E1E-999C-8902ACDDC7DD}.Debug|Any CPU.ActiveCfg = Debug|Any CPU
		{E3AE4A59-C9F2-4E1E-999C-8902ACDDC7DD}.Debug|Any CPU.Build.0 = Debug|Any CPU
		{E3AE4A59-C9F2-4E1E-999C-8902ACDDC7DD}.Release|Any CPU.ActiveCfg = Release|Any CPU
		{E3AE4A59-C9F2-4E1E-999C-8902ACDDC7DD}.Release|Any CPU.Build.0 = Release|Any CPU
		{83046B80-D821-49C5-A458-7075892B2957}.Debug|Any CPU.ActiveCfg = Debug|Any CPU
		{83046B80-D821-49C5-A458-7075892B2957}.Debug|Any CPU.Build.0 = Debug|Any CPU
		{83046B80-D821-49C5-A458-7075892B2957}.Release|Any CPU.ActiveCfg = Release|Any CPU
		{83046B80-D821-49C5-A458-7075892B2957}.Release|Any CPU.Build.0 = Release|Any CPU
		{67E1E869-6988-45A0-96E8-29CD37DF3CEE}.Debug|Any CPU.ActiveCfg = Debug|Any CPU
		{67E1E869-6988-45A0-96E8-29CD37DF3CEE}.Debug|Any CPU.Build.0 = Debug|Any CPU
		{67E1E869-6988-45A0-96E8-29CD37DF3CEE}.Release|Any CPU.ActiveCfg = Release|Any CPU
		{67E1E869-6988-45A0-96E8-29CD37DF3CEE}.Release|Any CPU.Build.0 = Release|Any CPU
		{A9A7FDFC-A7C0-4EA0-A50C-095586DBE433}.Debug|Any CPU.ActiveCfg = Debug|Any CPU
		{A9A7FDFC-A7C0-4EA0-A50C-095586DBE433}.Debug|Any CPU.Build.0 = Debug|Any CPU
		{A9A7FDFC-A7C0-4EA0-A50C-095586DBE433}.Release|Any CPU.ActiveCfg = Release|Any CPU
		{A9A7FDFC-A7C0-4EA0-A50C-095586DBE433}.Release|Any CPU.Build.0 = Release|Any CPU
		{24B5F6D8-6BEE-485D-A537-D12E2529ACEE}.Debug|Any CPU.ActiveCfg = Debug|Any CPU
		{24B5F6D8-6BEE-485D-A537-D12E2529ACEE}.Debug|Any CPU.Build.0 = Debug|Any CPU
		{24B5F6D8-6BEE-485D-A537-D12E2529ACEE}.Release|Any CPU.ActiveCfg = Release|Any CPU
		{24B5F6D8-6BEE-485D-A537-D12E2529ACEE}.Release|Any CPU.Build.0 = Release|Any CPU
		{CC917823-F074-40F1-8790-8FF3545A786F}.Debug|Any CPU.ActiveCfg = Debug|Any CPU
		{CC917823-F074-40F1-8790-8FF3545A786F}.Debug|Any CPU.Build.0 = Debug|Any CPU
		{CC917823-F074-40F1-8790-8FF3545A786F}.Release|Any CPU.ActiveCfg = Release|Any CPU
		{CC917823-F074-40F1-8790-8FF3545A786F}.Release|Any CPU.Build.0 = Release|Any CPU
		{71B0722A-6AB2-4912-AAB3-3BC23B880014}.Debug|Any CPU.ActiveCfg = Debug|Any CPU
		{71B0722A-6AB2-4912-AAB3-3BC23B880014}.Debug|Any CPU.Build.0 = Debug|Any CPU
		{71B0722A-6AB2-4912-AAB3-3BC23B880014}.Release|Any CPU.ActiveCfg = Release|Any CPU
		{71B0722A-6AB2-4912-AAB3-3BC23B880014}.Release|Any CPU.Build.0 = Release|Any CPU
		{A392987D-4D87-473A-9527-AE8A8442A109}.Debug|Any CPU.ActiveCfg = Debug|Any CPU
		{A392987D-4D87-473A-9527-AE8A8442A109}.Debug|Any CPU.Build.0 = Debug|Any CPU
		{A392987D-4D87-473A-9527-AE8A8442A109}.Release|Any CPU.ActiveCfg = Release|Any CPU
		{A392987D-4D87-473A-9527-AE8A8442A109}.Release|Any CPU.Build.0 = Release|Any CPU
		{0058F575-93AC-4C65-8553-BF8A8F2CE6A8}.Debug|Any CPU.ActiveCfg = Debug|Any CPU
		{0058F575-93AC-4C65-8553-BF8A8F2CE6A8}.Debug|Any CPU.Build.0 = Debug|Any CPU
		{0058F575-93AC-4C65-8553-BF8A8F2CE6A8}.Release|Any CPU.ActiveCfg = Release|Any CPU
		{0058F575-93AC-4C65-8553-BF8A8F2CE6A8}.Release|Any CPU.Build.0 = Release|Any CPU
	EndGlobalSection
	GlobalSection(SolutionProperties) = preSolution
		HideSolutionNode = FALSE
	EndGlobalSection
	GlobalSection(NestedProjects) = preSolution
		{0EDD34F3-1F38-48DE-B8EA-7035195B2620} = {35B346AB-5A73-4444-A718-A452AA054973}
		{B48F7337-10F3-463C-BB37-39C71F701040} = {35B346AB-5A73-4444-A718-A452AA054973}
		{522849DD-F0AC-4648-84C5-83E33A785213} = {35B346AB-5A73-4444-A718-A452AA054973}
		{6048E2E6-841E-4505-8AE6-774F63D7D823} = {522849DD-F0AC-4648-84C5-83E33A785213}
		{3DFD9423-66C0-4F27-AE37-C26080AC2892} = {522849DD-F0AC-4648-84C5-83E33A785213}
		{6CCD97EF-9F8B-4EF2-8065-062C41C111BF} = {522849DD-F0AC-4648-84C5-83E33A785213}
		{593A0046-7462-46D3-9BA6-A73066E64939} = {522849DD-F0AC-4648-84C5-83E33A785213}
		{15071224-3145-434A-AF17-FABD053D68D0} = {522849DD-F0AC-4648-84C5-83E33A785213}
		{E3AE4A59-C9F2-4E1E-999C-8902ACDDC7DD} = {522849DD-F0AC-4648-84C5-83E33A785213}
		{83046B80-D821-49C5-A458-7075892B2957} = {0EDD34F3-1F38-48DE-B8EA-7035195B2620}
		{67E1E869-6988-45A0-96E8-29CD37DF3CEE} = {0EDD34F3-1F38-48DE-B8EA-7035195B2620}
		{A9A7FDFC-A7C0-4EA0-A50C-095586DBE433} = {0EDD34F3-1F38-48DE-B8EA-7035195B2620}
		{24B5F6D8-6BEE-485D-A537-D12E2529ACEE} = {0EDD34F3-1F38-48DE-B8EA-7035195B2620}
		{CC917823-F074-40F1-8790-8FF3545A786F} = {0EDD34F3-1F38-48DE-B8EA-7035195B2620}
		{71B0722A-6AB2-4912-AAB3-3BC23B880014} = {0EDD34F3-1F38-48DE-B8EA-7035195B2620}
		{C52BFF8C-7C8F-4E87-BE6A-C884AD89AE99} = {72389C2D-FD99-4CF3-91B3-DCDEC0B77E53}
		{A392987D-4D87-473A-9527-AE8A8442A109} = {C52BFF8C-7C8F-4E87-BE6A-C884AD89AE99}
		{0058F575-93AC-4C65-8553-BF8A8F2CE6A8} = {B48F7337-10F3-463C-BB37-39C71F701040}
	EndGlobalSection
	GlobalSection(ExtensibilityGlobals) = postSolution
		SolutionGuid = {C409CC88-45F8-4B30-AEA6-01BBE7BE394A}
	EndGlobalSection
EndGlobal
