
Microsoft Visual Studio Solution File, Format Version 12.00
# Visual Studio Version 17
VisualStudioVersion = 17.0.31903.59
MinimumVisualStudioVersion = 10.0.40219.1
Project("{2150E333-8FDC-42A3-9474-1A3956D46DE8}") = "src", "src", "{A9DB4179-B7FA-4DDA-BE73-882FF6D7E744}"
EndProject
Project("{2150E333-8FDC-42A3-9474-1A3956D46DE8}") = "App", "App", "{A2D8C483-009D-4EA7-9D36-1FB0B2C5DDF1}"
EndProject
Project("{9A19103F-16F7-4668-BE54-9A1E7A4F7556}") = "Api", "src\App\Api\Api.csproj", "{3B1B57F4-4B59-4F5F-A271-2DC80DB37DFA}"
EndProject
Project("{9A19103F-16F7-4668-BE54-9A1E7A4F7556}") = "Application", "src\App\Application\Application.csproj", "{30A1C4E9-0B66-47F1-A6C3-93BA8EF97592}"
EndProject
Project("{9A19103F-16F7-4668-BE54-9A1E7A4F7556}") = "Domain", "src\App\Domain\Domain.csproj", "{05A969A6-5408-491E-9ABF-8C9E639165CF}"
EndProject
Project("{9A19103F-16F7-4668-BE54-9A1E7A4F7556}") = "Infrastructure", "src\App\Infrastructure\Infrastructure.csproj", "{82A3AA99-2FF2-4BEC-B826-A60BED95C662}"
EndProject
Project("{9A19103F-16F7-4668-BE54-9A1E7A4F7556}") = "Persistence", "src\App\Persistence\Persistence.csproj", "{A9F0A4D9-B81E-42BB-84A9-CA011083A3B1}"
EndProject
Project("{9A19103F-16F7-4668-BE54-9A1E7A4F7556}") = "Presentation", "src\App\Presentation\Presentation.csproj", "{5A33F5C7-5125-4E25-8FA6-C9F07EC80DA6}"
EndProject
Project("{2150E333-8FDC-42A3-9474-1A3956D46DE8}") = "Common", "Common", "{1DB81189-3074-4B60-A6DC-8B7295ECE51A}"
EndProject
Project("{9A19103F-16F7-4668-BE54-9A1E7A4F7556}") = "Contracts", "src\Common\Contracts\Contracts.csproj", "{739DAEA0-0ABE-4869-AE46-CC9099529939}"
EndProject
Project("{9A19103F-16F7-4668-BE54-9A1E7A4F7556}") = "TenantServices", "src\Common\TenantServices\TenantServices.csproj", "{E50C8931-1F7C-4854-8B21-4B7B17699389}"
EndProject
Project("{2150E333-8FDC-42A3-9474-1A3956D46DE8}") = "Report", "Report", "{E6C0D22A-83EB-421F-A39F-FA8EA321C117}"
EndProject
Project("{9A19103F-16F7-4668-BE54-9A1E7A4F7556}") = "Application", "src\Report\Application\Application.csproj", "{9EE4299E-935B-46A5-BA07-38A70B738972}"
EndProject
Project("{9A19103F-16F7-4668-BE54-9A1E7A4F7556}") = "Report.Api", "src\Report\Report.Api\Report.Api.csproj", "{8A93D8AD-7F75-4870-B707-60C07ACB2560}"
EndProject
Project("{9A19103F-16F7-4668-BE54-9A1E7A4F7556}") = "Presentation", "src\Report\Presentation\Presentation.csproj", "{5F5EEE8F-2074-416D-852A-F599919A5806}"
EndProject
Project("{9A19103F-16F7-4668-BE54-9A1E7A4F7556}") = "Persistence", "src\Report\Persistence\Persistence.csproj", "{97A274A7-0617-436E-A365-175602A13033}"
EndProject
Project("{9A19103F-16F7-4668-BE54-9A1E7A4F7556}") = "Infrastructure", "src\Report\Infrastructure\Infrastructure.csproj", "{1E20EEAC-3B6F-4D0C-ABD0-09ED31ADAB8F}"
EndProject
Project("{9A19103F-16F7-4668-BE54-9A1E7A4F7556}") = "Domain", "src\Report\Domain\Domain.csproj", "{5EDDA615-964A-42B4-8338-499A84545DE9}"
EndProject
Project("{2150E333-8FDC-42A3-9474-1A3956D46DE8}") = "Test", "Test", "{8E1B4446-9ECB-44B5-A7D8-AF0CC4C45494}"
EndProject
Project("{2150E333-8FDC-42A3-9474-1A3956D46DE8}") = "App", "App", "{6BA4323B-6FC2-4999-8A5E-36309EFA1714}"
EndProject
Project("{2150E333-8FDC-42A3-9474-1A3956D46DE8}") = "Report", "Report", "{2C4C4473-33E0-492B-9A29-824FC4AEE07C}"
EndProject
Project("{9A19103F-16F7-4668-BE54-9A1E7A4F7556}") = "Infrastructure_Test", "Test\App\Infrastructure_Test\Infrastructure_Test.csproj", "{F8B22339-AA2A-4162-BB73-A8DCB92E618E}"
EndProject
Project("{9A19103F-16F7-4668-BE54-9A1E7A4F7556}") = "Infrastructure_Test", "Test\Report\Infrastructure_Test\Infrastructure_Test.csproj", "{8B215D51-144C-4ABF-9160-4B7E07C282F9}"
EndProject
Project("{E53339B2-1760-4266-BCC7-CA923CBCF16C}") = "docker-compose", "docker-compose.dcproj", "{F6596664-F1D4-46B4-9953-D10C0D3D704F}"
EndProject
Global
	GlobalSection(SolutionConfigurationPlatforms) = preSolution
		Debug|Any CPU = Debug|Any CPU
		Release|Any CPU = Release|Any CPU
	EndGlobalSection
	GlobalSection(ProjectConfigurationPlatforms) = postSolution
		{3B1B57F4-4B59-4F5F-A271-2DC80DB37DFA}.Debug|Any CPU.ActiveCfg = Debug|Any CPU
		{3B1B57F4-4B59-4F5F-A271-2DC80DB37DFA}.Debug|Any CPU.Build.0 = Debug|Any CPU
		{3B1B57F4-4B59-4F5F-A271-2DC80DB37DFA}.Release|Any CPU.ActiveCfg = Release|Any CPU
		{3B1B57F4-4B59-4F5F-A271-2DC80DB37DFA}.Release|Any CPU.Build.0 = Release|Any CPU
		{30A1C4E9-0B66-47F1-A6C3-93BA8EF97592}.Debug|Any CPU.ActiveCfg = Debug|Any CPU
		{30A1C4E9-0B66-47F1-A6C3-93BA8EF97592}.Debug|Any CPU.Build.0 = Debug|Any CPU
		{30A1C4E9-0B66-47F1-A6C3-93BA8EF97592}.Release|Any CPU.ActiveCfg = Release|Any CPU
		{30A1C4E9-0B66-47F1-A6C3-93BA8EF97592}.Release|Any CPU.Build.0 = Release|Any CPU
		{05A969A6-5408-491E-9ABF-8C9E639165CF}.Debug|Any CPU.ActiveCfg = Debug|Any CPU
		{05A969A6-5408-491E-9ABF-8C9E639165CF}.Debug|Any CPU.Build.0 = Debug|Any CPU
		{05A969A6-5408-491E-9ABF-8C9E639165CF}.Release|Any CPU.ActiveCfg = Release|Any CPU
		{05A969A6-5408-491E-9ABF-8C9E639165CF}.Release|Any CPU.Build.0 = Release|Any CPU
		{82A3AA99-2FF2-4BEC-B826-A60BED95C662}.Debug|Any CPU.ActiveCfg = Debug|Any CPU
		{82A3AA99-2FF2-4BEC-B826-A60BED95C662}.Debug|Any CPU.Build.0 = Debug|Any CPU
		{82A3AA99-2FF2-4BEC-B826-A60BED95C662}.Release|Any CPU.ActiveCfg = Release|Any CPU
		{82A3AA99-2FF2-4BEC-B826-A60BED95C662}.Release|Any CPU.Build.0 = Release|Any CPU
		{A9F0A4D9-B81E-42BB-84A9-CA011083A3B1}.Debug|Any CPU.ActiveCfg = Debug|Any CPU
		{A9F0A4D9-B81E-42BB-84A9-CA011083A3B1}.Debug|Any CPU.Build.0 = Debug|Any CPU
		{A9F0A4D9-B81E-42BB-84A9-CA011083A3B1}.Release|Any CPU.ActiveCfg = Release|Any CPU
		{A9F0A4D9-B81E-42BB-84A9-CA011083A3B1}.Release|Any CPU.Build.0 = Release|Any CPU
		{5A33F5C7-5125-4E25-8FA6-C9F07EC80DA6}.Debug|Any CPU.ActiveCfg = Debug|Any CPU
		{5A33F5C7-5125-4E25-8FA6-C9F07EC80DA6}.Debug|Any CPU.Build.0 = Debug|Any CPU
		{5A33F5C7-5125-4E25-8FA6-C9F07EC80DA6}.Release|Any CPU.ActiveCfg = Release|Any CPU
		{5A33F5C7-5125-4E25-8FA6-C9F07EC80DA6}.Release|Any CPU.Build.0 = Release|Any CPU
		{739DAEA0-0ABE-4869-AE46-CC9099529939}.Debug|Any CPU.ActiveCfg = Debug|Any CPU
		{739DAEA0-0ABE-4869-AE46-CC9099529939}.Debug|Any CPU.Build.0 = Debug|Any CPU
		{739DAEA0-0ABE-4869-AE46-CC9099529939}.Release|Any CPU.ActiveCfg = Release|Any CPU
		{739DAEA0-0ABE-4869-AE46-CC9099529939}.Release|Any CPU.Build.0 = Release|Any CPU
		{E50C8931-1F7C-4854-8B21-4B7B17699389}.Debug|Any CPU.ActiveCfg = Debug|Any CPU
		{E50C8931-1F7C-4854-8B21-4B7B17699389}.Debug|Any CPU.Build.0 = Debug|Any CPU
		{E50C8931-1F7C-4854-8B21-4B7B17699389}.Release|Any CPU.ActiveCfg = Release|Any CPU
		{E50C8931-1F7C-4854-8B21-4B7B17699389}.Release|Any CPU.Build.0 = Release|Any CPU
		{9EE4299E-935B-46A5-BA07-38A70B738972}.Debug|Any CPU.ActiveCfg = Debug|Any CPU
		{9EE4299E-935B-46A5-BA07-38A70B738972}.Debug|Any CPU.Build.0 = Debug|Any CPU
		{9EE4299E-935B-46A5-BA07-38A70B738972}.Release|Any CPU.ActiveCfg = Release|Any CPU
		{9EE4299E-935B-46A5-BA07-38A70B738972}.Release|Any CPU.Build.0 = Release|Any CPU
		{8A93D8AD-7F75-4870-B707-60C07ACB2560}.Debug|Any CPU.ActiveCfg = Debug|Any CPU
		{8A93D8AD-7F75-4870-B707-60C07ACB2560}.Debug|Any CPU.Build.0 = Debug|Any CPU
		{8A93D8AD-7F75-4870-B707-60C07ACB2560}.Release|Any CPU.ActiveCfg = Release|Any CPU
		{8A93D8AD-7F75-4870-B707-60C07ACB2560}.Release|Any CPU.Build.0 = Release|Any CPU
		{5F5EEE8F-2074-416D-852A-F599919A5806}.Debug|Any CPU.ActiveCfg = Debug|Any CPU
		{5F5EEE8F-2074-416D-852A-F599919A5806}.Debug|Any CPU.Build.0 = Debug|Any CPU
		{5F5EEE8F-2074-416D-852A-F599919A5806}.Release|Any CPU.ActiveCfg = Release|Any CPU
		{5F5EEE8F-2074-416D-852A-F599919A5806}.Release|Any CPU.Build.0 = Release|Any CPU
		{97A274A7-0617-436E-A365-175602A13033}.Debug|Any CPU.ActiveCfg = Debug|Any CPU
		{97A274A7-0617-436E-A365-175602A13033}.Debug|Any CPU.Build.0 = Debug|Any CPU
		{97A274A7-0617-436E-A365-175602A13033}.Release|Any CPU.ActiveCfg = Release|Any CPU
		{97A274A7-0617-436E-A365-175602A13033}.Release|Any CPU.Build.0 = Release|Any CPU
		{1E20EEAC-3B6F-4D0C-ABD0-09ED31ADAB8F}.Debug|Any CPU.ActiveCfg = Debug|Any CPU
		{1E20EEAC-3B6F-4D0C-ABD0-09ED31ADAB8F}.Debug|Any CPU.Build.0 = Debug|Any CPU
		{1E20EEAC-3B6F-4D0C-ABD0-09ED31ADAB8F}.Release|Any CPU.ActiveCfg = Release|Any CPU
		{1E20EEAC-3B6F-4D0C-ABD0-09ED31ADAB8F}.Release|Any CPU.Build.0 = Release|Any CPU
		{5EDDA615-964A-42B4-8338-499A84545DE9}.Debug|Any CPU.ActiveCfg = Debug|Any CPU
		{5EDDA615-964A-42B4-8338-499A84545DE9}.Debug|Any CPU.Build.0 = Debug|Any CPU
		{5EDDA615-964A-42B4-8338-499A84545DE9}.Release|Any CPU.ActiveCfg = Release|Any CPU
		{5EDDA615-964A-42B4-8338-499A84545DE9}.Release|Any CPU.Build.0 = Release|Any CPU
		{F8B22339-AA2A-4162-BB73-A8DCB92E618E}.Debug|Any CPU.ActiveCfg = Debug|Any CPU
		{F8B22339-AA2A-4162-BB73-A8DCB92E618E}.Debug|Any CPU.Build.0 = Debug|Any CPU
		{F8B22339-AA2A-4162-BB73-A8DCB92E618E}.Release|Any CPU.ActiveCfg = Release|Any CPU
		{F8B22339-AA2A-4162-BB73-A8DCB92E618E}.Release|Any CPU.Build.0 = Release|Any CPU
		{8B215D51-144C-4ABF-9160-4B7E07C282F9}.Debug|Any CPU.ActiveCfg = Debug|Any CPU
		{8B215D51-144C-4ABF-9160-4B7E07C282F9}.Debug|Any CPU.Build.0 = Debug|Any CPU
		{8B215D51-144C-4ABF-9160-4B7E07C282F9}.Release|Any CPU.ActiveCfg = Release|Any CPU
		{8B215D51-144C-4ABF-9160-4B7E07C282F9}.Release|Any CPU.Build.0 = Release|Any CPU
		{F6596664-F1D4-46B4-9953-D10C0D3D704F}.Debug|Any CPU.ActiveCfg = Debug|Any CPU
		{F6596664-F1D4-46B4-9953-D10C0D3D704F}.Debug|Any CPU.Build.0 = Debug|Any CPU
		{F6596664-F1D4-46B4-9953-D10C0D3D704F}.Release|Any CPU.ActiveCfg = Release|Any CPU
		{F6596664-F1D4-46B4-9953-D10C0D3D704F}.Release|Any CPU.Build.0 = Release|Any CPU
	EndGlobalSection
	GlobalSection(SolutionProperties) = preSolution
		HideSolutionNode = FALSE
	EndGlobalSection
	GlobalSection(NestedProjects) = preSolution
		{A2D8C483-009D-4EA7-9D36-1FB0B2C5DDF1} = {A9DB4179-B7FA-4DDA-BE73-882FF6D7E744}
		{3B1B57F4-4B59-4F5F-A271-2DC80DB37DFA} = {A2D8C483-009D-4EA7-9D36-1FB0B2C5DDF1}
		{30A1C4E9-0B66-47F1-A6C3-93BA8EF97592} = {A2D8C483-009D-4EA7-9D36-1FB0B2C5DDF1}
		{05A969A6-5408-491E-9ABF-8C9E639165CF} = {A2D8C483-009D-4EA7-9D36-1FB0B2C5DDF1}
		{82A3AA99-2FF2-4BEC-B826-A60BED95C662} = {A2D8C483-009D-4EA7-9D36-1FB0B2C5DDF1}
		{A9F0A4D9-B81E-42BB-84A9-CA011083A3B1} = {A2D8C483-009D-4EA7-9D36-1FB0B2C5DDF1}
		{5A33F5C7-5125-4E25-8FA6-C9F07EC80DA6} = {A2D8C483-009D-4EA7-9D36-1FB0B2C5DDF1}
		{1DB81189-3074-4B60-A6DC-8B7295ECE51A} = {A9DB4179-B7FA-4DDA-BE73-882FF6D7E744}
		{739DAEA0-0ABE-4869-AE46-CC9099529939} = {1DB81189-3074-4B60-A6DC-8B7295ECE51A}
		{E50C8931-1F7C-4854-8B21-4B7B17699389} = {1DB81189-3074-4B60-A6DC-8B7295ECE51A}
		{E6C0D22A-83EB-421F-A39F-FA8EA321C117} = {A9DB4179-B7FA-4DDA-BE73-882FF6D7E744}
		{9EE4299E-935B-46A5-BA07-38A70B738972} = {E6C0D22A-83EB-421F-A39F-FA8EA321C117}
		{8A93D8AD-7F75-4870-B707-60C07ACB2560} = {E6C0D22A-83EB-421F-A39F-FA8EA321C117}
		{5F5EEE8F-2074-416D-852A-F599919A5806} = {E6C0D22A-83EB-421F-A39F-FA8EA321C117}
		{97A274A7-0617-436E-A365-175602A13033} = {E6C0D22A-83EB-421F-A39F-FA8EA321C117}
		{1E20EEAC-3B6F-4D0C-ABD0-09ED31ADAB8F} = {E6C0D22A-83EB-421F-A39F-FA8EA321C117}
		{5EDDA615-964A-42B4-8338-499A84545DE9} = {E6C0D22A-83EB-421F-A39F-FA8EA321C117}
		{6BA4323B-6FC2-4999-8A5E-36309EFA1714} = {8E1B4446-9ECB-44B5-A7D8-AF0CC4C45494}
		{2C4C4473-33E0-492B-9A29-824FC4AEE07C} = {8E1B4446-9ECB-44B5-A7D8-AF0CC4C45494}
		{F8B22339-AA2A-4162-BB73-A8DCB92E618E} = {6BA4323B-6FC2-4999-8A5E-36309EFA1714}
		{8B215D51-144C-4ABF-9160-4B7E07C282F9} = {2C4C4473-33E0-492B-9A29-824FC4AEE07C}
	EndGlobalSection
	GlobalSection(ExtensibilityGlobals) = postSolution
		SolutionGuid = {0145DC46-499C-45F7-88F6-1104547811B0}
	EndGlobalSection
EndGlobal
